// !$*UTF8*$!
{
	archiveVersion = 1;
	classes = {
	};
	objectVersion = 56;
	objects = {

/* Begin PBXBuildFile section */
		B5EDF1E52BD517610094CB59 /* STLessApp.swift in Sources */ = {isa = PBXBuildFile; fileRef = B5EDF1E42BD517610094CB59 /* STLessApp.swift */; };
		B5EDF1E72BD517610094CB59 /* ContentView.swift in Sources */ = {isa = PBXBuildFile; fileRef = B5EDF1E62BD517610094CB59 /* ContentView.swift */; };
		B5EDF1E92BD517620094CB59 /* Assets.xcassets in Resources */ = {isa = PBXBuildFile; fileRef = B5EDF1E82BD517620094CB59 /* Assets.xcassets */; };
		B5EDF1ED2BD517620094CB59 /* Preview Assets.xcassets in Resources */ = {isa = PBXBuildFile; fileRef = B5EDF1EC2BD517620094CB59 /* Preview Assets.xcassets */; };
		B5EDF2072BD518DA0094CB59 /* STLess_WatchApp.swift in Sources */ = {isa = PBXBuildFile; fileRef = B5EDF2062BD518DA0094CB59 /* STLess_WatchApp.swift */; };
		B5EDF2092BD518DA0094CB59 /* ContentView.swift in Sources */ = {isa = PBXBuildFile; fileRef = B5EDF2082BD518DA0094CB59 /* ContentView.swift */; };
		B5EDF20B2BD518DB0094CB59 /* Assets.xcassets in Resources */ = {isa = PBXBuildFile; fileRef = B5EDF20A2BD518DB0094CB59 /* Assets.xcassets */; };
		B5EDF20E2BD518DB0094CB59 /* Preview Assets.xcassets in Resources */ = {isa = PBXBuildFile; fileRef = B5EDF20D2BD518DB0094CB59 /* Preview Assets.xcassets */; };
		B5EDF2112BD518DB0094CB59 /* STLess_Watch App.app in Embed Watch Content */ = {isa = PBXBuildFile; fileRef = B5EDF2042BD518DA0094CB59 /* STLess_Watch App.app */; settings = {ATTRIBUTES = (RemoveHeadersOnCopy, ); }; };
/* End PBXBuildFile section */

/* Begin PBXContainerItemProxy section */
		B5EDF20F2BD518DB0094CB59 /* PBXContainerItemProxy */ = {
			isa = PBXContainerItemProxy;
			containerPortal = B5EDF1D92BD517610094CB59 /* Project object */;
			proxyType = 1;
			remoteGlobalIDString = B5EDF2032BD518DA0094CB59;
			remoteInfo = "STLess_Watch Watch App";
		};
/* End PBXContainerItemProxy section */

/* Begin PBXCopyFilesBuildPhase section */
		B5EDF2152BD518DB0094CB59 /* Embed Watch Content */ = {
			isa = PBXCopyFilesBuildPhase;
			buildActionMask = 2147483647;
			dstPath = "$(CONTENTS_FOLDER_PATH)/Watch";
			dstSubfolderSpec = 16;
			files = (
				B5EDF2112BD518DB0094CB59 /* STLess_Watch App.app in Embed Watch Content */,
			);
			name = "Embed Watch Content";
			runOnlyForDeploymentPostprocessing = 0;
		};
/* End PBXCopyFilesBuildPhase section */

/* Begin PBXFileReference section */
		B5EDF1E12BD517610094CB59 /* STLess.app */ = {isa = PBXFileReference; explicitFileType = wrapper.application; includeInIndex = 0; path = STLess.app; sourceTree = BUILT_PRODUCTS_DIR; };
		B5EDF1E42BD517610094CB59 /* STLessApp.swift */ = {isa = PBXFileReference; lastKnownFileType = sourcecode.swift; path = STLessApp.swift; sourceTree = "<group>"; };
		B5EDF1E62BD517610094CB59 /* ContentView.swift */ = {isa = PBXFileReference; lastKnownFileType = sourcecode.swift; path = ContentView.swift; sourceTree = "<group>"; };
		B5EDF1E82BD517620094CB59 /* Assets.xcassets */ = {isa = PBXFileReference; lastKnownFileType = folder.assetcatalog; path = Assets.xcassets; sourceTree = "<group>"; };
		B5EDF1EA2BD517620094CB59 /* STLess.entitlements */ = {isa = PBXFileReference; lastKnownFileType = text.plist.entitlements; path = STLess.entitlements; sourceTree = "<group>"; };
		B5EDF1EC2BD517620094CB59 /* Preview Assets.xcassets */ = {isa = PBXFileReference; lastKnownFileType = folder.assetcatalog; path = "Preview Assets.xcassets"; sourceTree = "<group>"; };
		B5EDF1F32BD517A40094CB59 /* README.md */ = {isa = PBXFileReference; lastKnownFileType = net.daringfireball.markdown; path = README.md; sourceTree = "<group>"; };
		B5EDF2042BD518DA0094CB59 /* STLess_Watch App.app */ = {isa = PBXFileReference; explicitFileType = wrapper.application; includeInIndex = 0; path = "STLess_Watch App.app"; sourceTree = BUILT_PRODUCTS_DIR; };
		B5EDF2062BD518DA0094CB59 /* STLess_WatchApp.swift */ = {isa = PBXFileReference; lastKnownFileType = sourcecode.swift; path = STLess_WatchApp.swift; sourceTree = "<group>"; };
		B5EDF2082BD518DA0094CB59 /* ContentView.swift */ = {isa = PBXFileReference; lastKnownFileType = sourcecode.swift; path = ContentView.swift; sourceTree = "<group>"; };
		B5EDF20A2BD518DB0094CB59 /* Assets.xcassets */ = {isa = PBXFileReference; lastKnownFileType = folder.assetcatalog; path = Assets.xcassets; sourceTree = "<group>"; };
		B5EDF20D2BD518DB0094CB59 /* Preview Assets.xcassets */ = {isa = PBXFileReference; lastKnownFileType = folder.assetcatalog; path = "Preview Assets.xcassets"; sourceTree = "<group>"; };
/* End PBXFileReference section */

/* Begin PBXFrameworksBuildPhase section */
		B5EDF1DE2BD517610094CB59 /* Frameworks */ = {
			isa = PBXFrameworksBuildPhase;
			buildActionMask = 2147483647;
			files = (
			);
			runOnlyForDeploymentPostprocessing = 0;
		};
		B5EDF2012BD518DA0094CB59 /* Frameworks */ = {
			isa = PBXFrameworksBuildPhase;
			buildActionMask = 2147483647;
			files = (
			);
			runOnlyForDeploymentPostprocessing = 0;
		};
/* End PBXFrameworksBuildPhase section */

/* Begin PBXGroup section */
		B5EDF1D82BD517610094CB59 = {
			isa = PBXGroup;
			children = (
				B5EDF1E32BD517610094CB59 /* STLess */,
				B5EDF2052BD518DA0094CB59 /* STLess_Watch App */,
				B5EDF1F32BD517A40094CB59 /* README.md */,
				B5EDF1E22BD517610094CB59 /* Products */,
			);
			sourceTree = "<group>";
		};
		B5EDF1E22BD517610094CB59 /* Products */ = {
			isa = PBXGroup;
			children = (
				B5EDF1E12BD517610094CB59 /* STLess.app */,
				B5EDF2042BD518DA0094CB59 /* STLess_Watch App.app */,
			);
			name = Products;
			sourceTree = "<group>";
		};
		B5EDF1E32BD517610094CB59 /* STLess */ = {
			isa = PBXGroup;
			children = (
				B5EDF1E42BD517610094CB59 /* STLessApp.swift */,
				B5EDF1E62BD517610094CB59 /* ContentView.swift */,
				B5EDF1E82BD517620094CB59 /* Assets.xcassets */,
				B5EDF1EA2BD517620094CB59 /* STLess.entitlements */,
				B5EDF1EB2BD517620094CB59 /* Preview Content */,
			);
			path = STLess;
			sourceTree = "<group>";
		};
		B5EDF1EB2BD517620094CB59 /* Preview Content */ = {
			isa = PBXGroup;
			children = (
				B5EDF1EC2BD517620094CB59 /* Preview Assets.xcassets */,
			);
			path = "Preview Content";
			sourceTree = "<group>";
		};
		B5EDF2052BD518DA0094CB59 /* STLess_Watch App */ = {
			isa = PBXGroup;
			children = (
				B5EDF2062BD518DA0094CB59 /* STLess_WatchApp.swift */,
				B5EDF2082BD518DA0094CB59 /* ContentView.swift */,
				B5EDF20A2BD518DB0094CB59 /* Assets.xcassets */,
				B5EDF20C2BD518DB0094CB59 /* Preview Content */,
			);
			path = "STLess_Watch App";
			sourceTree = "<group>";
		};
		B5EDF20C2BD518DB0094CB59 /* Preview Content */ = {
			isa = PBXGroup;
			children = (
				B5EDF20D2BD518DB0094CB59 /* Preview Assets.xcassets */,
			);
			path = "Preview Content";
			sourceTree = "<group>";
		};
/* End PBXGroup section */

/* Begin PBXNativeTarget section */
		B5EDF1E02BD517610094CB59 /* STLess */ = {
			isa = PBXNativeTarget;
			buildConfigurationList = B5EDF1F02BD517620094CB59 /* Build configuration list for PBXNativeTarget "STLess" */;
			buildPhases = (
				B5EDF1DD2BD517610094CB59 /* Sources */,
				B5EDF1DE2BD517610094CB59 /* Frameworks */,
				B5EDF1DF2BD517610094CB59 /* Resources */,
				B5EDF2152BD518DB0094CB59 /* Embed Watch Content */,
			);
			buildRules = (
			);
			dependencies = (
				B5EDF2102BD518DB0094CB59 /* PBXTargetDependency */,
			);
			name = STLess;
			productName = STLess;
			productReference = B5EDF1E12BD517610094CB59 /* STLess.app */;
			productType = "com.apple.product-type.application";
		};
		B5EDF2032BD518DA0094CB59 /* STLess_Watch App */ = {
			isa = PBXNativeTarget;
			buildConfigurationList = B5EDF2122BD518DB0094CB59 /* Build configuration list for PBXNativeTarget "STLess_Watch App" */;
			buildPhases = (
				B5EDF2002BD518DA0094CB59 /* Sources */,
				B5EDF2012BD518DA0094CB59 /* Frameworks */,
				B5EDF2022BD518DA0094CB59 /* Resources */,
			);
			buildRules = (
			);
			dependencies = (
			);
			name = "STLess_Watch App";
			productName = "STLess_Watch Watch App";
			productReference = B5EDF2042BD518DA0094CB59 /* STLess_Watch App.app */;
			productType = "com.apple.product-type.application";
		};
/* End PBXNativeTarget section */

/* Begin PBXProject section */
		B5EDF1D92BD517610094CB59 /* Project object */ = {
			isa = PBXProject;
			attributes = {
				BuildIndependentTargetsInParallel = 1;
				LastSwiftUpdateCheck = 1530;
				LastUpgradeCheck = 1530;
				TargetAttributes = {
					B5EDF1E02BD517610094CB59 = {
						CreatedOnToolsVersion = 15.3;
					};
					B5EDF2032BD518DA0094CB59 = {
						CreatedOnToolsVersion = 15.3;
					};
				};
			};
			buildConfigurationList = B5EDF1DC2BD517610094CB59 /* Build configuration list for PBXProject "STLess" */;
			compatibilityVersion = "Xcode 14.0";
			developmentRegion = en;
			hasScannedForEncodings = 0;
			knownRegions = (
				en,
				Base,
			);
			mainGroup = B5EDF1D82BD517610094CB59;
			productRefGroup = B5EDF1E22BD517610094CB59 /* Products */;
			projectDirPath = "";
			projectRoot = "";
			targets = (
				B5EDF1E02BD517610094CB59 /* STLess */,
				B5EDF2032BD518DA0094CB59 /* STLess_Watch App */,
			);
		};
/* End PBXProject section */

/* Begin PBXResourcesBuildPhase section */
		B5EDF1DF2BD517610094CB59 /* Resources */ = {
			isa = PBXResourcesBuildPhase;
			buildActionMask = 2147483647;
			files = (
				B5EDF1ED2BD517620094CB59 /* Preview Assets.xcassets in Resources */,
				B5EDF1E92BD517620094CB59 /* Assets.xcassets in Resources */,
			);
			runOnlyForDeploymentPostprocessing = 0;
		};
		B5EDF2022BD518DA0094CB59 /* Resources */ = {
			isa = PBXResourcesBuildPhase;
			buildActionMask = 2147483647;
			files = (
				B5EDF20E2BD518DB0094CB59 /* Preview Assets.xcassets in Resources */,
				B5EDF20B2BD518DB0094CB59 /* Assets.xcassets in Resources */,
			);
			runOnlyForDeploymentPostprocessing = 0;
		};
/* End PBXResourcesBuildPhase section */

/* Begin PBXSourcesBuildPhase section */
		B5EDF1DD2BD517610094CB59 /* Sources */ = {
			isa = PBXSourcesBuildPhase;
			buildActionMask = 2147483647;
			files = (
				B5EDF1E72BD517610094CB59 /* ContentView.swift in Sources */,
				B5EDF1E52BD517610094CB59 /* STLessApp.swift in Sources */,
			);
			runOnlyForDeploymentPostprocessing = 0;
		};
		B5EDF2002BD518DA0094CB59 /* Sources */ = {
			isa = PBXSourcesBuildPhase;
			buildActionMask = 2147483647;
			files = (
				B5EDF2092BD518DA0094CB59 /* ContentView.swift in Sources */,
				B5EDF2072BD518DA0094CB59 /* STLess_WatchApp.swift in Sources */,
			);
			runOnlyForDeploymentPostprocessing = 0;
		};
/* End PBXSourcesBuildPhase section */

/* Begin PBXTargetDependency section */
		B5EDF2102BD518DB0094CB59 /* PBXTargetDependency */ = {
			isa = PBXTargetDependency;
			target = B5EDF2032BD518DA0094CB59 /* STLess_Watch App */;
			targetProxy = B5EDF20F2BD518DB0094CB59 /* PBXContainerItemProxy */;
		};
/* End PBXTargetDependency section */

/* Begin XCBuildConfiguration section */
		B5EDF1EE2BD517620094CB59 /* Debug */ = {
			isa = XCBuildConfiguration;
			buildSettings = {
				ALWAYS_SEARCH_USER_PATHS = NO;
				ASSETCATALOG_COMPILER_GENERATE_SWIFT_ASSET_SYMBOL_EXTENSIONS = YES;
				CLANG_ANALYZER_NONNULL = YES;
				CLANG_ANALYZER_NUMBER_OBJECT_CONVERSION = YES_AGGRESSIVE;
				CLANG_CXX_LANGUAGE_STANDARD = "gnu++20";
				CLANG_ENABLE_MODULES = YES;
				CLANG_ENABLE_OBJC_ARC = YES;
				CLANG_ENABLE_OBJC_WEAK = YES;
				CLANG_WARN_BLOCK_CAPTURE_AUTORELEASING = YES;
				CLANG_WARN_BOOL_CONVERSION = YES;
				CLANG_WARN_COMMA = YES;
				CLANG_WARN_CONSTANT_CONVERSION = YES;
				CLANG_WARN_DEPRECATED_OBJC_IMPLEMENTATIONS = YES;
				CLANG_WARN_DIRECT_OBJC_ISA_USAGE = YES_ERROR;
				CLANG_WARN_DOCUMENTATION_COMMENTS = YES;
				CLANG_WARN_EMPTY_BODY = YES;
				CLANG_WARN_ENUM_CONVERSION = YES;
				CLANG_WARN_INFINITE_RECURSION = YES;
				CLANG_WARN_INT_CONVERSION = YES;
				CLANG_WARN_NON_LITERAL_NULL_CONVERSION = YES;
				CLANG_WARN_OBJC_IMPLICIT_RETAIN_SELF = YES;
				CLANG_WARN_OBJC_LITERAL_CONVERSION = YES;
				CLANG_WARN_OBJC_ROOT_CLASS = YES_ERROR;
				CLANG_WARN_QUOTED_INCLUDE_IN_FRAMEWORK_HEADER = YES;
				CLANG_WARN_RANGE_LOOP_ANALYSIS = YES;
				CLANG_WARN_STRICT_PROTOTYPES = YES;
				CLANG_WARN_SUSPICIOUS_MOVE = YES;
				CLANG_WARN_UNGUARDED_AVAILABILITY = YES_AGGRESSIVE;
				CLANG_WARN_UNREACHABLE_CODE = YES;
				CLANG_WARN__DUPLICATE_METHOD_MATCH = YES;
				COPY_PHASE_STRIP = NO;
				DEBUG_INFORMATION_FORMAT = dwarf;
				ENABLE_STRICT_OBJC_MSGSEND = YES;
				ENABLE_TESTABILITY = YES;
				ENABLE_USER_SCRIPT_SANDBOXING = YES;
				GCC_C_LANGUAGE_STANDARD = gnu17;
				GCC_DYNAMIC_NO_PIC = NO;
				GCC_NO_COMMON_BLOCKS = YES;
				GCC_OPTIMIZATION_LEVEL = 0;
				GCC_PREPROCESSOR_DEFINITIONS = (
					"DEBUG=1",
					"$(inherited)",
				);
				GCC_WARN_64_TO_32_BIT_CONVERSION = YES;
				GCC_WARN_ABOUT_RETURN_TYPE = YES_ERROR;
				GCC_WARN_UNDECLARED_SELECTOR = YES;
				GCC_WARN_UNINITIALIZED_AUTOS = YES_AGGRESSIVE;
				GCC_WARN_UNUSED_FUNCTION = YES;
				GCC_WARN_UNUSED_VARIABLE = YES;
				LOCALIZATION_PREFERS_STRING_CATALOGS = YES;
				MTL_ENABLE_DEBUG_INFO = INCLUDE_SOURCE;
				MTL_FAST_MATH = YES;
				ONLY_ACTIVE_ARCH = YES;
				SWIFT_ACTIVE_COMPILATION_CONDITIONS = "DEBUG $(inherited)";
				SWIFT_OPTIMIZATION_LEVEL = "-Onone";
			};
			name = Debug;
		};
		B5EDF1EF2BD517620094CB59 /* Release */ = {
			isa = XCBuildConfiguration;
			buildSettings = {
				ALWAYS_SEARCH_USER_PATHS = NO;
				ASSETCATALOG_COMPILER_GENERATE_SWIFT_ASSET_SYMBOL_EXTENSIONS = YES;
				CLANG_ANALYZER_NONNULL = YES;
				CLANG_ANALYZER_NUMBER_OBJECT_CONVERSION = YES_AGGRESSIVE;
				CLANG_CXX_LANGUAGE_STANDARD = "gnu++20";
				CLANG_ENABLE_MODULES = YES;
				CLANG_ENABLE_OBJC_ARC = YES;
				CLANG_ENABLE_OBJC_WEAK = YES;
				CLANG_WARN_BLOCK_CAPTURE_AUTORELEASING = YES;
				CLANG_WARN_BOOL_CONVERSION = YES;
				CLANG_WARN_COMMA = YES;
				CLANG_WARN_CONSTANT_CONVERSION = YES;
				CLANG_WARN_DEPRECATED_OBJC_IMPLEMENTATIONS = YES;
				CLANG_WARN_DIRECT_OBJC_ISA_USAGE = YES_ERROR;
				CLANG_WARN_DOCUMENTATION_COMMENTS = YES;
				CLANG_WARN_EMPTY_BODY = YES;
				CLANG_WARN_ENUM_CONVERSION = YES;
				CLANG_WARN_INFINITE_RECURSION = YES;
				CLANG_WARN_INT_CONVERSION = YES;
				CLANG_WARN_NON_LITERAL_NULL_CONVERSION = YES;
				CLANG_WARN_OBJC_IMPLICIT_RETAIN_SELF = YES;
				CLANG_WARN_OBJC_LITERAL_CONVERSION = YES;
				CLANG_WARN_OBJC_ROOT_CLASS = YES_ERROR;
				CLANG_WARN_QUOTED_INCLUDE_IN_FRAMEWORK_HEADER = YES;
				CLANG_WARN_RANGE_LOOP_ANALYSIS = YES;
				CLANG_WARN_STRICT_PROTOTYPES = YES;
				CLANG_WARN_SUSPICIOUS_MOVE = YES;
				CLANG_WARN_UNGUARDED_AVAILABILITY = YES_AGGRESSIVE;
				CLANG_WARN_UNREACHABLE_CODE = YES;
				CLANG_WARN__DUPLICATE_METHOD_MATCH = YES;
				COPY_PHASE_STRIP = NO;
				DEBUG_INFORMATION_FORMAT = "dwarf-with-dsym";
				ENABLE_NS_ASSERTIONS = NO;
				ENABLE_STRICT_OBJC_MSGSEND = YES;
				ENABLE_USER_SCRIPT_SANDBOXING = YES;
				GCC_C_LANGUAGE_STANDARD = gnu17;
				GCC_NO_COMMON_BLOCKS = YES;
				GCC_WARN_64_TO_32_BIT_CONVERSION = YES;
				GCC_WARN_ABOUT_RETURN_TYPE = YES_ERROR;
				GCC_WARN_UNDECLARED_SELECTOR = YES;
				GCC_WARN_UNINITIALIZED_AUTOS = YES_AGGRESSIVE;
				GCC_WARN_UNUSED_FUNCTION = YES;
				GCC_WARN_UNUSED_VARIABLE = YES;
				LOCALIZATION_PREFERS_STRING_CATALOGS = YES;
				MTL_ENABLE_DEBUG_INFO = NO;
				MTL_FAST_MATH = YES;
				SWIFT_COMPILATION_MODE = wholemodule;
			};
			name = Release;
		};
		B5EDF1F12BD517620094CB59 /* Debug */ = {
			isa = XCBuildConfiguration;
			buildSettings = {
				ALWAYS_EMBED_SWIFT_STANDARD_LIBRARIES = YES;
				ASSETCATALOG_COMPILER_APPICON_NAME = AppIcon;
				ASSETCATALOG_COMPILER_GLOBAL_ACCENT_COLOR_NAME = AccentColor;
				CODE_SIGN_ENTITLEMENTS = STLess/STLess.entitlements;
				CODE_SIGN_STYLE = Automatic;
				CURRENT_PROJECT_VERSION = 1;
				DEVELOPMENT_ASSET_PATHS = "\"STLess/Preview Content\"";
				DEVELOPMENT_TEAM = V2YNV9QV27;
				ENABLE_HARDENED_RUNTIME = YES;
				ENABLE_PREVIEWS = YES;
				GENERATE_INFOPLIST_FILE = YES;
				INFOPLIST_KEY_LSApplicationCategoryType = "public.app-category.lifestyle";
				"INFOPLIST_KEY_UIApplicationSceneManifest_Generation[sdk=iphoneos*]" = YES;
				"INFOPLIST_KEY_UIApplicationSceneManifest_Generation[sdk=iphonesimulator*]" = YES;
				"INFOPLIST_KEY_UIApplicationSupportsIndirectInputEvents[sdk=iphoneos*]" = YES;
				"INFOPLIST_KEY_UIApplicationSupportsIndirectInputEvents[sdk=iphonesimulator*]" = YES;
				"INFOPLIST_KEY_UILaunchScreen_Generation[sdk=iphoneos*]" = YES;
				"INFOPLIST_KEY_UILaunchScreen_Generation[sdk=iphonesimulator*]" = YES;
				"INFOPLIST_KEY_UIStatusBarStyle[sdk=iphoneos*]" = UIStatusBarStyleDefault;
				"INFOPLIST_KEY_UIStatusBarStyle[sdk=iphonesimulator*]" = UIStatusBarStyleDefault;
				INFOPLIST_KEY_UISupportedInterfaceOrientations = UIInterfaceOrientationPortrait;
				INFOPLIST_KEY_UISupportedInterfaceOrientations_iPad = "UIInterfaceOrientationLandscapeLeft UIInterfaceOrientationLandscapeRight UIInterfaceOrientationPortrait UIInterfaceOrientationPortraitUpsideDown";
				IPHONEOS_DEPLOYMENT_TARGET = 17.4;
				LD_RUNPATH_SEARCH_PATHS = "@executable_path/Frameworks";
				"LD_RUNPATH_SEARCH_PATHS[sdk=macosx*]" = "@executable_path/../Frameworks";
				MACOSX_DEPLOYMENT_TARGET = 14.1;
				MARKETING_VERSION = 1.0;
				PRODUCT_BUNDLE_IDENTIFIER = iodsev.sw.STLess;
				PRODUCT_NAME = "$(TARGET_NAME)";
				SDKROOT = auto;
				SUPPORTED_PLATFORMS = "iphoneos iphonesimulator";
				SUPPORTS_MACCATALYST = NO;
				SWIFT_EMIT_LOC_STRINGS = YES;
				SWIFT_VERSION = 5.0;
				TARGETED_DEVICE_FAMILY = 1;
			};
			name = Debug;
		};
		B5EDF1F22BD517620094CB59 /* Release */ = {
			isa = XCBuildConfiguration;
			buildSettings = {
				ALWAYS_EMBED_SWIFT_STANDARD_LIBRARIES = YES;
				ASSETCATALOG_COMPILER_APPICON_NAME = AppIcon;
				ASSETCATALOG_COMPILER_GLOBAL_ACCENT_COLOR_NAME = AccentColor;
				CODE_SIGN_ENTITLEMENTS = STLess/STLess.entitlements;
				CODE_SIGN_STYLE = Automatic;
				CURRENT_PROJECT_VERSION = 1;
				DEVELOPMENT_ASSET_PATHS = "\"STLess/Preview Content\"";
				DEVELOPMENT_TEAM = V2YNV9QV27;
				ENABLE_HARDENED_RUNTIME = YES;
				ENABLE_PREVIEWS = YES;
				GENERATE_INFOPLIST_FILE = YES;
				INFOPLIST_KEY_LSApplicationCategoryType = "public.app-category.lifestyle";
				"INFOPLIST_KEY_UIApplicationSceneManifest_Generation[sdk=iphoneos*]" = YES;
				"INFOPLIST_KEY_UIApplicationSceneManifest_Generation[sdk=iphonesimulator*]" = YES;
				"INFOPLIST_KEY_UIApplicationSupportsIndirectInputEvents[sdk=iphoneos*]" = YES;
				"INFOPLIST_KEY_UIApplicationSupportsIndirectInputEvents[sdk=iphonesimulator*]" = YES;
				"INFOPLIST_KEY_UILaunchScreen_Generation[sdk=iphoneos*]" = YES;
				"INFOPLIST_KEY_UILaunchScreen_Generation[sdk=iphonesimulator*]" = YES;
				"INFOPLIST_KEY_UIStatusBarStyle[sdk=iphoneos*]" = UIStatusBarStyleDefault;
				"INFOPLIST_KEY_UIStatusBarStyle[sdk=iphonesimulator*]" = UIStatusBarStyleDefault;
				INFOPLIST_KEY_UISupportedInterfaceOrientations = UIInterfaceOrientationPortrait;
				INFOPLIST_KEY_UISupportedInterfaceOrientations_iPad = "UIInterfaceOrientationLandscapeLeft UIInterfaceOrientationLandscapeRight UIInterfaceOrientationPortrait UIInterfaceOrientationPortraitUpsideDown";
				IPHONEOS_DEPLOYMENT_TARGET = 17.4;
				LD_RUNPATH_SEARCH_PATHS = "@executable_path/Frameworks";
				"LD_RUNPATH_SEARCH_PATHS[sdk=macosx*]" = "@executable_path/../Frameworks";
				MACOSX_DEPLOYMENT_TARGET = 14.1;
				MARKETING_VERSION = 1.0;
				PRODUCT_BUNDLE_IDENTIFIER = iodsev.sw.STLess;
				PRODUCT_NAME = "$(TARGET_NAME)";
				SDKROOT = auto;
				SUPPORTED_PLATFORMS = "iphoneos iphonesimulator";
				SUPPORTS_MACCATALYST = NO;
				SWIFT_EMIT_LOC_STRINGS = YES;
				SWIFT_VERSION = 5.0;
				TARGETED_DEVICE_FAMILY = 1;
			};
			name = Release;
		};
		B5EDF2132BD518DB0094CB59 /* Debug */ = {
			isa = XCBuildConfiguration;
			buildSettings = {
				ASSETCATALOG_COMPILER_APPICON_NAME = AppIcon;
				ASSETCATALOG_COMPILER_GLOBAL_ACCENT_COLOR_NAME = AccentColor;
				CODE_SIGN_STYLE = Automatic;
				CURRENT_PROJECT_VERSION = 1;
				DEVELOPMENT_ASSET_PATHS = "\"STLess_Watch App/Preview Content\"";
				DEVELOPMENT_TEAM = V2YNV9QV27;
				ENABLE_PREVIEWS = YES;
				GENERATE_INFOPLIST_FILE = YES;
				INFOPLIST_KEY_CFBundleDisplayName = STLess_Watch;
				INFOPLIST_KEY_UISupportedInterfaceOrientations = "UIInterfaceOrientationPortrait UIInterfaceOrientationPortraitUpsideDown";
				INFOPLIST_KEY_WKCompanionAppBundleIdentifier = iodsev.sw.STLess;
				LD_RUNPATH_SEARCH_PATHS = (
					"$(inherited)",
					"@executable_path/Frameworks",
				);
				MARKETING_VERSION = 1.0;
				PRODUCT_BUNDLE_IDENTIFIER = iodsev.sw.STLess.watchkitapp;
				PRODUCT_NAME = "$(TARGET_NAME)";
				SDKROOT = watchos;
				SKIP_INSTALL = YES;
				SWIFT_EMIT_LOC_STRINGS = YES;
				SWIFT_VERSION = 5.0;
				TARGETED_DEVICE_FAMILY = 4;
				WATCHOS_DEPLOYMENT_TARGET = 10.4;
			};
			name = Debug;
		};
		B5EDF2142BD518DB0094CB59 /* Release */ = {
			isa = XCBuildConfiguration;
			buildSettings = {
				ASSETCATALOG_COMPILER_APPICON_NAME = AppIcon;
				ASSETCATALOG_COMPILER_GLOBAL_ACCENT_COLOR_NAME = AccentColor;
				CODE_SIGN_STYLE = Automatic;
				CURRENT_PROJECT_VERSION = 1;
				DEVELOPMENT_ASSET_PATHS = "\"STLess_Watch App/Preview Content\"";
				DEVELOPMENT_TEAM = V2YNV9QV27;
				ENABLE_PREVIEWS = YES;
				GENERATE_INFOPLIST_FILE = YES;
				INFOPLIST_KEY_CFBundleDisplayName = STLess_Watch;
				INFOPLIST_KEY_UISupportedInterfaceOrientations = "UIInterfaceOrientationPortrait UIInterfaceOrientationPortraitUpsideDown";
				INFOPLIST_KEY_WKCompanionAppBundleIdentifier = iodsev.sw.STLess;
				LD_RUNPATH_SEARCH_PATHS = (
					"$(inherited)",
					"@executable_path/Frameworks",
				);
				MARKETING_VERSION = 1.0;
				PRODUCT_BUNDLE_IDENTIFIER = iodsev.sw.STLess.watchkitapp;
				PRODUCT_NAME = "$(TARGET_NAME)";
				SDKROOT = watchos;
				SKIP_INSTALL = YES;
				SWIFT_EMIT_LOC_STRINGS = YES;
				SWIFT_VERSION = 5.0;
				TARGETED_DEVICE_FAMILY = 4;
				VALIDATE_PRODUCT = YES;
				WATCHOS_DEPLOYMENT_TARGET = 10.4;
			};
			name = Release;
		};
/* End XCBuildConfiguration section */

/* Begin XCConfigurationList section */
		B5EDF1DC2BD517610094CB59 /* Build configuration list for PBXProject "STLess" */ = {
			isa = XCConfigurationList;
			buildConfigurations = (
				B5EDF1EE2BD517620094CB59 /* Debug */,
				B5EDF1EF2BD517620094CB59 /* Release */,
			);
			defaultConfigurationIsVisible = 0;
			defaultConfigurationName = Release;
		};
		B5EDF1F02BD517620094CB59 /* Build configuration list for PBXNativeTarget "STLess" */ = {
			isa = XCConfigurationList;
			buildConfigurations = (
				B5EDF1F12BD517620094CB59 /* Debug */,
				B5EDF1F22BD517620094CB59 /* Release */,
			);
			defaultConfigurationIsVisible = 0;
			defaultConfigurationName = Release;
		};
		B5EDF2122BD518DB0094CB59 /* Build configuration list for PBXNativeTarget "STLess_Watch App" */ = {
			isa = XCConfigurationList;
			buildConfigurations = (
				B5EDF2132BD518DB0094CB59 /* Debug */,
				B5EDF2142BD518DB0094CB59 /* Release */,
			);
			defaultConfigurationIsVisible = 0;
			defaultConfigurationName = Release;
		};
/* End XCConfigurationList section */
	};
	rootObject = B5EDF1D92BD517610094CB59 /* Project object */;
}
