// !$*UTF8*$!
{
	archiveVersion = 1;
	classes = {
	};
	objectVersion = 56;
	objects = {

/* Begin PBXBuildFile section */
		B5003DF82BF0BC8600D1C1A6 /* ComposableArchitecture in Frameworks */ = {isa = PBXBuildFile; productRef = B5003DF72BF0BC8600D1C1A6 /* ComposableArchitecture */; };
		B5003DFC2BF0BDF500D1C1A6 /* MainFeature.swift in Sources */ = {isa = PBXBuildFile; fileRef = B5003DFB2BF0BDF500D1C1A6 /* MainFeature.swift */; };
		B5003E012BF0BE2C00D1C1A6 /* Color+.swift in Sources */ = {isa = PBXBuildFile; fileRef = B5003E002BF0BE2C00D1C1A6 /* Color+.swift */; };
		B5003E042BF0BE5B00D1C1A6 /* InfoBox.swift in Sources */ = {isa = PBXBuildFile; fileRef = B5003E032BF0BE5B00D1C1A6 /* InfoBox.swift */; };
		B52107EB2C1422FA007C370A /* TopNavigationBar.swift in Sources */ = {isa = PBXBuildFile; fileRef = B52107EA2C1422FA007C370A /* TopNavigationBar.swift */; };
		B52107EE2C1435FA007C370A /* Array+.swift in Sources */ = {isa = PBXBuildFile; fileRef = B52107ED2C1435FA007C370A /* Array+.swift */; };
		B52107F62C14406F007C370A /* WithDesignSystem.swift in Sources */ = {isa = PBXBuildFile; fileRef = B52107F52C14406F007C370A /* WithDesignSystem.swift */; };
		B52107F82C1440CB007C370A /* View+Keyboard.swift in Sources */ = {isa = PBXBuildFile; fileRef = B52107F72C1440CB007C370A /* View+Keyboard.swift */; };
		B52107FA2C1440F5007C370A /* UIApplication+.swift in Sources */ = {isa = PBXBuildFile; fileRef = B52107F92C1440F5007C370A /* UIApplication+.swift */; };
		B52107FC2C1442E6007C370A /* HRVDescriptionFeature.swift in Sources */ = {isa = PBXBuildFile; fileRef = B52107FB2C1442E6007C370A /* HRVDescriptionFeature.swift */; };
		B53217DE2BF9BBBE006C316C /* HealthManager.swift in Sources */ = {isa = PBXBuildFile; fileRef = B53217DD2BF9BBBE006C316C /* HealthManager.swift */; };
		B544335B2BF4900200CE532F /* DateType.swift in Sources */ = {isa = PBXBuildFile; fileRef = B544335A2BF4900200CE532F /* DateType.swift */; };
		B544335D2BF4C1D000CE532F /* BarChart.swift in Sources */ = {isa = PBXBuildFile; fileRef = B544335C2BF4C1D000CE532F /* BarChart.swift */; };
		B544335F2BF4C1F100CE532F /* HrvData.swift in Sources */ = {isa = PBXBuildFile; fileRef = B544335E2BF4C1F100CE532F /* HrvData.swift */; };
		B54433612BF4C3D600CE532F /* UISegment.swift in Sources */ = {isa = PBXBuildFile; fileRef = B54433602BF4C3D600CE532F /* UISegment.swift */; };
		B54433632BF4C96700CE532F /* LineChart.swift in Sources */ = {isa = PBXBuildFile; fileRef = B54433622BF4C96700CE532F /* LineChart.swift */; };
		B54433652BF4CDD700CE532F /* View+.swift in Sources */ = {isa = PBXBuildFile; fileRef = B54433642BF4CDD700CE532F /* View+.swift */; };
		B546E4DA2C0AEBAB00FA5AED /* MainFeature+Destination.swift in Sources */ = {isa = PBXBuildFile; fileRef = B546E4D92C0AEBAB00FA5AED /* MainFeature+Destination.swift */; };
		B546E4DD2C0AF0CA00FA5AED /* RootFeature.swift in Sources */ = {isa = PBXBuildFile; fileRef = B546E4DC2C0AF0CA00FA5AED /* RootFeature.swift */; };
		B546E4DF2C0AF14F00FA5AED /* MainDestination.swift in Sources */ = {isa = PBXBuildFile; fileRef = B546E4DE2C0AF14F00FA5AED /* MainDestination.swift */; };
		B546E4E22C0AF25500FA5AED /* SplashView.swift in Sources */ = {isa = PBXBuildFile; fileRef = B546E4E12C0AF25500FA5AED /* SplashView.swift */; };
		B546E4E42C0B059900FA5AED /* RootView.swift in Sources */ = {isa = PBXBuildFile; fileRef = B546E4E32C0B059900FA5AED /* RootView.swift */; };
		B546E4E62C0B066400FA5AED /* SplashFeature.swift in Sources */ = {isa = PBXBuildFile; fileRef = B546E4E52C0B066400FA5AED /* SplashFeature.swift */; };
		B546E4EB2C0B0DFF00FA5AED /* SettingFeature.swift in Sources */ = {isa = PBXBuildFile; fileRef = B546E4EA2C0B0DFF00FA5AED /* SettingFeature.swift */; };
		B546E50F2C0B6BEC00FA5AED /* MainFeature+Navigation.swift in Sources */ = {isa = PBXBuildFile; fileRef = B546E50E2C0B6BEC00FA5AED /* MainFeature+Navigation.swift */; };
		B546E5112C0B728F00FA5AED /* SettingView.swift in Sources */ = {isa = PBXBuildFile; fileRef = B546E5102C0B728F00FA5AED /* SettingView.swift */; };
		B598EB942BF0F56B00E783DA /* MainView.swift in Sources */ = {isa = PBXBuildFile; fileRef = B5003DFA2BF0BDE800D1C1A6 /* MainView.swift */; };
		B598EB962BF0FA2100E783DA /* DividerView.swift in Sources */ = {isa = PBXBuildFile; fileRef = B598EB952BF0FA2100E783DA /* DividerView.swift */; };
		B598EB9A2BF0FBC200E783DA /* Pretendard-Bold.otf in Resources */ = {isa = PBXBuildFile; fileRef = B598EB992BF0FBC200E783DA /* Pretendard-Bold.otf */; };
		B598EB9B2BF0FBC200E783DA /* Pretendard-Bold.otf in Resources */ = {isa = PBXBuildFile; fileRef = B598EB992BF0FBC200E783DA /* Pretendard-Bold.otf */; };
		B598EB9D2BF0FBCB00E783DA /* Pretendard-Medium.otf in Resources */ = {isa = PBXBuildFile; fileRef = B598EB9C2BF0FBCB00E783DA /* Pretendard-Medium.otf */; };
		B598EB9F2BF0FBD800E783DA /* Pretendard-Regular.otf in Resources */ = {isa = PBXBuildFile; fileRef = B598EB9E2BF0FBD800E783DA /* Pretendard-Regular.otf */; };
		B598EBA02BF0FBD800E783DA /* Pretendard-Regular.otf in Resources */ = {isa = PBXBuildFile; fileRef = B598EB9E2BF0FBD800E783DA /* Pretendard-Regular.otf */; };
		B598EBA12BF0FBDB00E783DA /* Pretendard-Medium.otf in Resources */ = {isa = PBXBuildFile; fileRef = B598EB9C2BF0FBCB00E783DA /* Pretendard-Medium.otf */; };
		B598EBA32BF0FBE900E783DA /* Pretendard-SemiBold.otf in Resources */ = {isa = PBXBuildFile; fileRef = B598EBA22BF0FBE900E783DA /* Pretendard-SemiBold.otf */; };
		B598EBA42BF0FBE900E783DA /* Pretendard-SemiBold.otf in Resources */ = {isa = PBXBuildFile; fileRef = B598EBA22BF0FBE900E783DA /* Pretendard-SemiBold.otf */; };
		B598EBA72BF0FC6D00E783DA /* Font+.swift in Sources */ = {isa = PBXBuildFile; fileRef = B598EBA62BF0FC6D00E783DA /* Font+.swift */; };
		B598EBA82BF0FC6D00E783DA /* Font+.swift in Sources */ = {isa = PBXBuildFile; fileRef = B598EBA62BF0FC6D00E783DA /* Font+.swift */; };
		B5BDCAAD2BFA16FA0097BA96 /* Date+Format.swift in Sources */ = {isa = PBXBuildFile; fileRef = B5BDCAAC2BFA16FA0097BA96 /* Date+Format.swift */; };
		B5BDCAAF2BFA269D0097BA96 /* DailyHRVInfo.swift in Sources */ = {isa = PBXBuildFile; fileRef = B5BDCAAE2BFA269D0097BA96 /* DailyHRVInfo.swift */; };
		B5BDCAB12BFA68D80097BA96 /* Utils.swift in Sources */ = {isa = PBXBuildFile; fileRef = B5BDCAB02BFA68D80097BA96 /* Utils.swift */; };
		B5C0CA1B2C039D8F0017BD1B /* StressLevel.swift in Sources */ = {isa = PBXBuildFile; fileRef = B5C0CA1A2C039D8F0017BD1B /* StressLevel.swift */; };
		B5C0CA1D2C03A0120017BD1B /* Double+.swift in Sources */ = {isa = PBXBuildFile; fileRef = B5C0CA1C2C03A0120017BD1B /* Double+.swift */; };
		B5C0CA1F2C03A26A0017BD1B /* Image+.swift in Sources */ = {isa = PBXBuildFile; fileRef = B5C0CA1E2C03A26A0017BD1B /* Image+.swift */; };
		B5C0CA2D2C04CA4B0017BD1B /* HRVDescriptionView.swift in Sources */ = {isa = PBXBuildFile; fileRef = B5C0CA2C2C04CA4B0017BD1B /* HRVDescriptionView.swift */; };
		B5C0CA2F2C04DA400017BD1B /* OverlayToolTip.swift in Sources */ = {isa = PBXBuildFile; fileRef = B5C0CA2E2C04DA400017BD1B /* OverlayToolTip.swift */; };
		B5C0CB732C062ED00017BD1B /* DateFormat.swift in Sources */ = {isa = PBXBuildFile; fileRef = B5C0CB722C062ED00017BD1B /* DateFormat.swift */; };
		B5C0CB752C062FF70017BD1B /* Date+.swift in Sources */ = {isa = PBXBuildFile; fileRef = B5C0CB742C062FF70017BD1B /* Date+.swift */; };
		B5EDF1E52BD517610094CB59 /* STLessApp.swift in Sources */ = {isa = PBXBuildFile; fileRef = B5EDF1E42BD517610094CB59 /* STLessApp.swift */; };
		B5EDF1E92BD517620094CB59 /* Assets.xcassets in Resources */ = {isa = PBXBuildFile; fileRef = B5EDF1E82BD517620094CB59 /* Assets.xcassets */; };
		B5EDF1ED2BD517620094CB59 /* Preview Assets.xcassets in Resources */ = {isa = PBXBuildFile; fileRef = B5EDF1EC2BD517620094CB59 /* Preview Assets.xcassets */; };
		B5EDF2072BD518DA0094CB59 /* STLess_WatchApp.swift in Sources */ = {isa = PBXBuildFile; fileRef = B5EDF2062BD518DA0094CB59 /* STLess_WatchApp.swift */; };
		B5EDF2092BD518DA0094CB59 /* ContentView.swift in Sources */ = {isa = PBXBuildFile; fileRef = B5EDF2082BD518DA0094CB59 /* ContentView.swift */; };
		B5EDF20B2BD518DB0094CB59 /* Assets.xcassets in Resources */ = {isa = PBXBuildFile; fileRef = B5EDF20A2BD518DB0094CB59 /* Assets.xcassets */; };
		B5EDF20E2BD518DB0094CB59 /* Preview Assets.xcassets in Resources */ = {isa = PBXBuildFile; fileRef = B5EDF20D2BD518DB0094CB59 /* Preview Assets.xcassets */; };
		B5EDF2112BD518DB0094CB59 /* STLess_Watch App.app in Embed Watch Content */ = {isa = PBXBuildFile; fileRef = B5EDF2042BD518DA0094CB59 /* STLess_Watch App.app */; settings = {ATTRIBUTES = (RemoveHeadersOnCopy, ); }; };
/* End PBXBuildFile section */

/* Begin PBXContainerItemProxy section */
		B5EDF20F2BD518DB0094CB59 /* PBXContainerItemProxy */ = {
			isa = PBXContainerItemProxy;
			containerPortal = B5EDF1D92BD517610094CB59 /* Project object */;
			proxyType = 1;
			remoteGlobalIDString = B5EDF2032BD518DA0094CB59;
			remoteInfo = "STLess_Watch Watch App";
		};
/* End PBXContainerItemProxy section */

/* Begin PBXCopyFilesBuildPhase section */
		B5EDF2152BD518DB0094CB59 /* Embed Watch Content */ = {
			isa = PBXCopyFilesBuildPhase;
			buildActionMask = 2147483647;
			dstPath = "$(CONTENTS_FOLDER_PATH)/Watch";
			dstSubfolderSpec = 16;
			files = (
				B5EDF2112BD518DB0094CB59 /* STLess_Watch App.app in Embed Watch Content */,
			);
			name = "Embed Watch Content";
			runOnlyForDeploymentPostprocessing = 0;
		};
/* End PBXCopyFilesBuildPhase section */

/* Begin PBXFileReference section */
		B5003DFA2BF0BDE800D1C1A6 /* MainView.swift */ = {isa = PBXFileReference; lastKnownFileType = sourcecode.swift; path = MainView.swift; sourceTree = "<group>"; };
		B5003DFB2BF0BDF500D1C1A6 /* MainFeature.swift */ = {isa = PBXFileReference; lastKnownFileType = sourcecode.swift; path = MainFeature.swift; sourceTree = "<group>"; };
		B5003E002BF0BE2C00D1C1A6 /* Color+.swift */ = {isa = PBXFileReference; lastKnownFileType = sourcecode.swift; path = "Color+.swift"; sourceTree = "<group>"; };
		B5003E032BF0BE5B00D1C1A6 /* InfoBox.swift */ = {isa = PBXFileReference; lastKnownFileType = sourcecode.swift; path = InfoBox.swift; sourceTree = "<group>"; };
		B52107EA2C1422FA007C370A /* TopNavigationBar.swift */ = {isa = PBXFileReference; lastKnownFileType = sourcecode.swift; path = TopNavigationBar.swift; sourceTree = "<group>"; };
		B52107ED2C1435FA007C370A /* Array+.swift */ = {isa = PBXFileReference; lastKnownFileType = sourcecode.swift; path = "Array+.swift"; sourceTree = "<group>"; };
		B52107F52C14406F007C370A /* WithDesignSystem.swift */ = {isa = PBXFileReference; lastKnownFileType = sourcecode.swift; path = WithDesignSystem.swift; sourceTree = "<group>"; };
		B52107F72C1440CB007C370A /* View+Keyboard.swift */ = {isa = PBXFileReference; lastKnownFileType = sourcecode.swift; path = "View+Keyboard.swift"; sourceTree = "<group>"; };
		B52107F92C1440F5007C370A /* UIApplication+.swift */ = {isa = PBXFileReference; lastKnownFileType = sourcecode.swift; path = "UIApplication+.swift"; sourceTree = "<group>"; };
		B52107FB2C1442E6007C370A /* HRVDescriptionFeature.swift */ = {isa = PBXFileReference; lastKnownFileType = sourcecode.swift; path = HRVDescriptionFeature.swift; sourceTree = "<group>"; };
		B53217DD2BF9BBBE006C316C /* HealthManager.swift */ = {isa = PBXFileReference; lastKnownFileType = sourcecode.swift; path = HealthManager.swift; sourceTree = "<group>"; };
		B53217DF2BF9BC46006C316C /* STLess_Watch App.entitlements */ = {isa = PBXFileReference; lastKnownFileType = text.plist.entitlements; path = "STLess_Watch App.entitlements"; sourceTree = "<group>"; };
		B544335A2BF4900200CE532F /* DateType.swift */ = {isa = PBXFileReference; lastKnownFileType = sourcecode.swift; path = DateType.swift; sourceTree = "<group>"; };
		B544335C2BF4C1D000CE532F /* BarChart.swift */ = {isa = PBXFileReference; lastKnownFileType = sourcecode.swift; path = BarChart.swift; sourceTree = "<group>"; };
		B544335E2BF4C1F100CE532F /* HrvData.swift */ = {isa = PBXFileReference; lastKnownFileType = sourcecode.swift; path = HrvData.swift; sourceTree = "<group>"; };
		B54433602BF4C3D600CE532F /* UISegment.swift */ = {isa = PBXFileReference; lastKnownFileType = sourcecode.swift; path = UISegment.swift; sourceTree = "<group>"; };
		B54433622BF4C96700CE532F /* LineChart.swift */ = {isa = PBXFileReference; lastKnownFileType = sourcecode.swift; path = LineChart.swift; sourceTree = "<group>"; };
		B54433642BF4CDD700CE532F /* View+.swift */ = {isa = PBXFileReference; lastKnownFileType = sourcecode.swift; path = "View+.swift"; sourceTree = "<group>"; };
		B546E4D92C0AEBAB00FA5AED /* MainFeature+Destination.swift */ = {isa = PBXFileReference; lastKnownFileType = sourcecode.swift; path = "MainFeature+Destination.swift"; sourceTree = "<group>"; };
		B546E4DC2C0AF0CA00FA5AED /* RootFeature.swift */ = {isa = PBXFileReference; lastKnownFileType = sourcecode.swift; path = RootFeature.swift; sourceTree = "<group>"; };
		B546E4DE2C0AF14F00FA5AED /* MainDestination.swift */ = {isa = PBXFileReference; lastKnownFileType = sourcecode.swift; path = MainDestination.swift; sourceTree = "<group>"; };
		B546E4E12C0AF25500FA5AED /* SplashView.swift */ = {isa = PBXFileReference; lastKnownFileType = sourcecode.swift; path = SplashView.swift; sourceTree = "<group>"; };
		B546E4E32C0B059900FA5AED /* RootView.swift */ = {isa = PBXFileReference; lastKnownFileType = sourcecode.swift; path = RootView.swift; sourceTree = "<group>"; };
		B546E4E52C0B066400FA5AED /* SplashFeature.swift */ = {isa = PBXFileReference; lastKnownFileType = sourcecode.swift; path = SplashFeature.swift; sourceTree = "<group>"; };
		B546E4EA2C0B0DFF00FA5AED /* SettingFeature.swift */ = {isa = PBXFileReference; lastKnownFileType = sourcecode.swift; path = SettingFeature.swift; sourceTree = "<group>"; };
		B546E50E2C0B6BEC00FA5AED /* MainFeature+Navigation.swift */ = {isa = PBXFileReference; lastKnownFileType = sourcecode.swift; path = "MainFeature+Navigation.swift"; sourceTree = "<group>"; };
		B546E5102C0B728F00FA5AED /* SettingView.swift */ = {isa = PBXFileReference; lastKnownFileType = sourcecode.swift; path = SettingView.swift; sourceTree = "<group>"; };
		B598EB952BF0FA2100E783DA /* DividerView.swift */ = {isa = PBXFileReference; lastKnownFileType = sourcecode.swift; path = DividerView.swift; sourceTree = "<group>"; };
		B598EB992BF0FBC200E783DA /* Pretendard-Bold.otf */ = {isa = PBXFileReference; lastKnownFileType = file; path = "Pretendard-Bold.otf"; sourceTree = "<group>"; };
		B598EB9C2BF0FBCB00E783DA /* Pretendard-Medium.otf */ = {isa = PBXFileReference; lastKnownFileType = file; path = "Pretendard-Medium.otf"; sourceTree = "<group>"; };
		B598EB9E2BF0FBD800E783DA /* Pretendard-Regular.otf */ = {isa = PBXFileReference; lastKnownFileType = file; path = "Pretendard-Regular.otf"; sourceTree = "<group>"; };
		B598EBA22BF0FBE900E783DA /* Pretendard-SemiBold.otf */ = {isa = PBXFileReference; lastKnownFileType = file; path = "Pretendard-SemiBold.otf"; sourceTree = "<group>"; };
		B598EBA52BF0FBFD00E783DA /* Info.plist */ = {isa = PBXFileReference; lastKnownFileType = text.plist.xml; path = Info.plist; sourceTree = "<group>"; };
		B598EBA62BF0FC6D00E783DA /* Font+.swift */ = {isa = PBXFileReference; lastKnownFileType = sourcecode.swift; path = "Font+.swift"; sourceTree = "<group>"; };
		B5BDCAAC2BFA16FA0097BA96 /* Date+Format.swift */ = {isa = PBXFileReference; lastKnownFileType = sourcecode.swift; path = "Date+Format.swift"; sourceTree = "<group>"; };
		B5BDCAAE2BFA269D0097BA96 /* DailyHRVInfo.swift */ = {isa = PBXFileReference; lastKnownFileType = sourcecode.swift; path = DailyHRVInfo.swift; sourceTree = "<group>"; };
		B5BDCAB02BFA68D80097BA96 /* Utils.swift */ = {isa = PBXFileReference; lastKnownFileType = sourcecode.swift; path = Utils.swift; sourceTree = "<group>"; };
		B5C0CA1A2C039D8F0017BD1B /* StressLevel.swift */ = {isa = PBXFileReference; lastKnownFileType = sourcecode.swift; path = StressLevel.swift; sourceTree = "<group>"; };
		B5C0CA1C2C03A0120017BD1B /* Double+.swift */ = {isa = PBXFileReference; lastKnownFileType = sourcecode.swift; path = "Double+.swift"; sourceTree = "<group>"; };
		B5C0CA1E2C03A26A0017BD1B /* Image+.swift */ = {isa = PBXFileReference; lastKnownFileType = sourcecode.swift; path = "Image+.swift"; sourceTree = "<group>"; };
		B5C0CA2C2C04CA4B0017BD1B /* HRVDescriptionView.swift */ = {isa = PBXFileReference; lastKnownFileType = sourcecode.swift; path = HRVDescriptionView.swift; sourceTree = "<group>"; };
		B5C0CA2E2C04DA400017BD1B /* OverlayToolTip.swift */ = {isa = PBXFileReference; fileEncoding = 4; lastKnownFileType = sourcecode.swift; path = OverlayToolTip.swift; sourceTree = "<group>"; };
		B5C0CB722C062ED00017BD1B /* DateFormat.swift */ = {isa = PBXFileReference; lastKnownFileType = sourcecode.swift; path = DateFormat.swift; sourceTree = "<group>"; };
		B5C0CB742C062FF70017BD1B /* Date+.swift */ = {isa = PBXFileReference; lastKnownFileType = sourcecode.swift; path = "Date+.swift"; sourceTree = "<group>"; };
		B5EDF1E12BD517610094CB59 /* STLess.app */ = {isa = PBXFileReference; explicitFileType = wrapper.application; includeInIndex = 0; path = STLess.app; sourceTree = BUILT_PRODUCTS_DIR; };
		B5EDF1E42BD517610094CB59 /* STLessApp.swift */ = {isa = PBXFileReference; lastKnownFileType = sourcecode.swift; path = STLessApp.swift; sourceTree = "<group>"; };
		B5EDF1E82BD517620094CB59 /* Assets.xcassets */ = {isa = PBXFileReference; lastKnownFileType = folder.assetcatalog; path = Assets.xcassets; sourceTree = "<group>"; };
		B5EDF1EA2BD517620094CB59 /* STLess.entitlements */ = {isa = PBXFileReference; lastKnownFileType = text.plist.entitlements; path = STLess.entitlements; sourceTree = "<group>"; };
		B5EDF1EC2BD517620094CB59 /* Preview Assets.xcassets */ = {isa = PBXFileReference; lastKnownFileType = folder.assetcatalog; path = "Preview Assets.xcassets"; sourceTree = "<group>"; };
		B5EDF1F32BD517A40094CB59 /* README.md */ = {isa = PBXFileReference; lastKnownFileType = net.daringfireball.markdown; path = README.md; sourceTree = "<group>"; };
		B5EDF2042BD518DA0094CB59 /* STLess_Watch App.app */ = {isa = PBXFileReference; explicitFileType = wrapper.application; includeInIndex = 0; path = "STLess_Watch App.app"; sourceTree = BUILT_PRODUCTS_DIR; };
		B5EDF2062BD518DA0094CB59 /* STLess_WatchApp.swift */ = {isa = PBXFileReference; lastKnownFileType = sourcecode.swift; path = STLess_WatchApp.swift; sourceTree = "<group>"; };
		B5EDF2082BD518DA0094CB59 /* ContentView.swift */ = {isa = PBXFileReference; lastKnownFileType = sourcecode.swift; path = ContentView.swift; sourceTree = "<group>"; };
		B5EDF20A2BD518DB0094CB59 /* Assets.xcassets */ = {isa = PBXFileReference; lastKnownFileType = folder.assetcatalog; path = Assets.xcassets; sourceTree = "<group>"; };
		B5EDF20D2BD518DB0094CB59 /* Preview Assets.xcassets */ = {isa = PBXFileReference; lastKnownFileType = folder.assetcatalog; path = "Preview Assets.xcassets"; sourceTree = "<group>"; };
/* End PBXFileReference section */

/* Begin PBXFrameworksBuildPhase section */
		B5EDF1DE2BD517610094CB59 /* Frameworks */ = {
			isa = PBXFrameworksBuildPhase;
			buildActionMask = 2147483647;
			files = (
				B5003DF82BF0BC8600D1C1A6 /* ComposableArchitecture in Frameworks */,
			);
			runOnlyForDeploymentPostprocessing = 0;
		};
		B5EDF2012BD518DA0094CB59 /* Frameworks */ = {
			isa = PBXFrameworksBuildPhase;
			buildActionMask = 2147483647;
			files = (
			);
			runOnlyForDeploymentPostprocessing = 0;
		};
/* End PBXFrameworksBuildPhase section */

/* Begin PBXGroup section */
		B5003DF62BF0BC8600D1C1A6 /* Frameworks */ = {
			isa = PBXGroup;
			children = (
			);
			name = Frameworks;
			sourceTree = "<group>";
		};
		B5003DF92BF0BDE300D1C1A6 /* Main */ = {
			isa = PBXGroup;
			children = (
				B5003DFA2BF0BDE800D1C1A6 /* MainView.swift */,
				B5003DFB2BF0BDF500D1C1A6 /* MainFeature.swift */,
				B546E50E2C0B6BEC00FA5AED /* MainFeature+Navigation.swift */,
			);
			path = Main;
			sourceTree = "<group>";
		};
		B5003DFD2BF0BE0B00D1C1A6 /* DesignSystem */ = {
			isa = PBXGroup;
			children = (
				B5003E022BF0BE4F00D1C1A6 /* Components */,
				B5003DFF2BF0BE1C00D1C1A6 /* Extension */,
			);
			path = DesignSystem;
			sourceTree = "<group>";
		};
		B5003DFF2BF0BE1C00D1C1A6 /* Extension */ = {
			isa = PBXGroup;
			children = (
				B5003E002BF0BE2C00D1C1A6 /* Color+.swift */,
				B598EBA62BF0FC6D00E783DA /* Font+.swift */,
				B54433602BF4C3D600CE532F /* UISegment.swift */,
				B54433642BF4CDD700CE532F /* View+.swift */,
			);
			path = Extension;
			sourceTree = "<group>";
		};
		B5003E022BF0BE4F00D1C1A6 /* Components */ = {
			isa = PBXGroup;
			children = (
				B52107F32C144041007C370A /* BaseView */,
				B52107F22C144036007C370A /* InfoBox */,
				B52107F12C14402F007C370A /* ToolTip */,
				B52107F02C144028007C370A /* Divider */,
				B52107EF2C14401A007C370A /* Charts */,
				B52107E92C1422EE007C370A /* Navigation */,
			);
			path = Components;
			sourceTree = "<group>";
		};
		B52107E92C1422EE007C370A /* Navigation */ = {
			isa = PBXGroup;
			children = (
				B52107EA2C1422FA007C370A /* TopNavigationBar.swift */,
			);
			path = Navigation;
			sourceTree = "<group>";
		};
		B52107EF2C14401A007C370A /* Charts */ = {
			isa = PBXGroup;
			children = (
				B544335C2BF4C1D000CE532F /* BarChart.swift */,
				B54433622BF4C96700CE532F /* LineChart.swift */,
			);
			path = Charts;
			sourceTree = "<group>";
		};
		B52107F02C144028007C370A /* Divider */ = {
			isa = PBXGroup;
			children = (
				B598EB952BF0FA2100E783DA /* DividerView.swift */,
			);
			path = Divider;
			sourceTree = "<group>";
		};
		B52107F12C14402F007C370A /* ToolTip */ = {
			isa = PBXGroup;
			children = (
				B5C0CA2E2C04DA400017BD1B /* OverlayToolTip.swift */,
			);
			path = ToolTip;
			sourceTree = "<group>";
		};
		B52107F22C144036007C370A /* InfoBox */ = {
			isa = PBXGroup;
			children = (
				B5003E032BF0BE5B00D1C1A6 /* InfoBox.swift */,
			);
			path = InfoBox;
			sourceTree = "<group>";
		};
		B52107F32C144041007C370A /* BaseView */ = {
			isa = PBXGroup;
			children = (
				B52107F52C14406F007C370A /* WithDesignSystem.swift */,
			);
			path = BaseView;
			sourceTree = "<group>";
		};
		B53217DC2BF9BBB6006C316C /* Core */ = {
			isa = PBXGroup;
			children = (
				B5BDCAAA2BFA16EC0097BA96 /* Utils */,
				B5BDCAAB2BFA16F30097BA96 /* Extensions */,
				B53217DD2BF9BBBE006C316C /* HealthManager.swift */,
			);
			path = Core;
			sourceTree = "<group>";
		};
		B532C5202BF0B97400A38001 /* Screen */ = {
			isa = PBXGroup;
			children = (
				B546E4E72C0B0DE800FA5AED /* Settings */,
				B546E4E02C0AF24C00FA5AED /* Splash */,
				B546E4D82C0AEB9600FA5AED /* Destination */,
				B5C0CA2B2C04CA3C0017BD1B /* Description */,
				B5003DF92BF0BDE300D1C1A6 /* Main */,
				B546E4E32C0B059900FA5AED /* RootView.swift */,
			);
			path = Screen;
			sourceTree = "<group>";
		};
		B54433582BF48FD100CE532F /* Models */ = {
			isa = PBXGroup;
			children = (
				B54433592BF48FE300CE532F /* Enum */,
				B544335E2BF4C1F100CE532F /* HrvData.swift */,
				B5BDCAAE2BFA269D0097BA96 /* DailyHRVInfo.swift */,
			);
			path = Models;
			sourceTree = "<group>";
		};
		B54433592BF48FE300CE532F /* Enum */ = {
			isa = PBXGroup;
			children = (
				B544335A2BF4900200CE532F /* DateType.swift */,
				B5C0CA1A2C039D8F0017BD1B /* StressLevel.swift */,
			);
			path = Enum;
			sourceTree = "<group>";
		};
		B546E4D82C0AEB9600FA5AED /* Destination */ = {
			isa = PBXGroup;
			children = (
				B546E4D92C0AEBAB00FA5AED /* MainFeature+Destination.swift */,
			);
			path = Destination;
			sourceTree = "<group>";
		};
		B546E4DB2C0AEFED00FA5AED /* App */ = {
			isa = PBXGroup;
			children = (
				B5EDF1E82BD517620094CB59 /* Assets.xcassets */,
				B5EDF1EA2BD517620094CB59 /* STLess.entitlements */,
				B598EBA52BF0FBFD00E783DA /* Info.plist */,
				B546E4DE2C0AF14F00FA5AED /* MainDestination.swift */,
				B5EDF1E42BD517610094CB59 /* STLessApp.swift */,
				B546E4DC2C0AF0CA00FA5AED /* RootFeature.swift */,
			);
			path = App;
			sourceTree = "<group>";
		};
		B546E4E02C0AF24C00FA5AED /* Splash */ = {
			isa = PBXGroup;
			children = (
				B546E4E12C0AF25500FA5AED /* SplashView.swift */,
				B546E4E52C0B066400FA5AED /* SplashFeature.swift */,
			);
			path = Splash;
			sourceTree = "<group>";
		};
		B546E4E72C0B0DE800FA5AED /* Settings */ = {
			isa = PBXGroup;
			children = (
				B546E4EA2C0B0DFF00FA5AED /* SettingFeature.swift */,
				B546E5102C0B728F00FA5AED /* SettingView.swift */,
			);
			path = Settings;
			sourceTree = "<group>";
		};
		B598EB972BF0FB8E00E783DA /* Resource */ = {
			isa = PBXGroup;
			children = (
				B598EB982BF0FBA400E783DA /* Fonts */,
			);
			path = Resource;
			sourceTree = "<group>";
		};
		B598EB982BF0FBA400E783DA /* Fonts */ = {
			isa = PBXGroup;
			children = (
				B598EB9C2BF0FBCB00E783DA /* Pretendard-Medium.otf */,
				B598EB9E2BF0FBD800E783DA /* Pretendard-Regular.otf */,
				B598EBA22BF0FBE900E783DA /* Pretendard-SemiBold.otf */,
				B598EB992BF0FBC200E783DA /* Pretendard-Bold.otf */,
			);
			path = Fonts;
			sourceTree = "<group>";
		};
		B5BDCAAA2BFA16EC0097BA96 /* Utils */ = {
			isa = PBXGroup;
			children = (
				B5C0CB722C062ED00017BD1B /* DateFormat.swift */,
			);
			path = Utils;
			sourceTree = "<group>";
		};
		B5BDCAAB2BFA16F30097BA96 /* Extensions */ = {
			isa = PBXGroup;
			children = (
				B52107ED2C1435FA007C370A /* Array+.swift */,
				B5BDCAAC2BFA16FA0097BA96 /* Date+Format.swift */,
				B5BDCAB02BFA68D80097BA96 /* Utils.swift */,
				B5C0CA1C2C03A0120017BD1B /* Double+.swift */,
				B5C0CA1E2C03A26A0017BD1B /* Image+.swift */,
				B5C0CB742C062FF70017BD1B /* Date+.swift */,
				B52107F72C1440CB007C370A /* View+Keyboard.swift */,
				B52107F92C1440F5007C370A /* UIApplication+.swift */,
			);
			path = Extensions;
			sourceTree = "<group>";
		};
		B5C0CA2B2C04CA3C0017BD1B /* Description */ = {
			isa = PBXGroup;
			children = (
				B5C0CA2C2C04CA4B0017BD1B /* HRVDescriptionView.swift */,
				B52107FB2C1442E6007C370A /* HRVDescriptionFeature.swift */,
			);
			path = Description;
			sourceTree = "<group>";
		};
		B5EDF1D82BD517610094CB59 = {
			isa = PBXGroup;
			children = (
				B5EDF1E32BD517610094CB59 /* STLess */,
				B5EDF2052BD518DA0094CB59 /* STLess_Watch App */,
				B5EDF1F32BD517A40094CB59 /* README.md */,
				B5EDF1E22BD517610094CB59 /* Products */,
				B5003DF62BF0BC8600D1C1A6 /* Frameworks */,
			);
			sourceTree = "<group>";
		};
		B5EDF1E22BD517610094CB59 /* Products */ = {
			isa = PBXGroup;
			children = (
				B5EDF1E12BD517610094CB59 /* STLess.app */,
				B5EDF2042BD518DA0094CB59 /* STLess_Watch App.app */,
			);
			name = Products;
			sourceTree = "<group>";
		};
		B5EDF1E32BD517610094CB59 /* STLess */ = {
			isa = PBXGroup;
			children = (
				B546E4DB2C0AEFED00FA5AED /* App */,
				B53217DC2BF9BBB6006C316C /* Core */,
				B54433582BF48FD100CE532F /* Models */,
				B598EB972BF0FB8E00E783DA /* Resource */,
				B5003DFD2BF0BE0B00D1C1A6 /* DesignSystem */,
				B532C5202BF0B97400A38001 /* Screen */,
				B5EDF1EB2BD517620094CB59 /* Preview Content */,
			);
			path = STLess;
			sourceTree = "<group>";
		};
		B5EDF1EB2BD517620094CB59 /* Preview Content */ = {
			isa = PBXGroup;
			children = (
				B5EDF1EC2BD517620094CB59 /* Preview Assets.xcassets */,
			);
			path = "Preview Content";
			sourceTree = "<group>";
		};
		B5EDF2052BD518DA0094CB59 /* STLess_Watch App */ = {
			isa = PBXGroup;
			children = (
				B53217DF2BF9BC46006C316C /* STLess_Watch App.entitlements */,
				B5EDF2062BD518DA0094CB59 /* STLess_WatchApp.swift */,
				B5EDF2082BD518DA0094CB59 /* ContentView.swift */,
				B5EDF20A2BD518DB0094CB59 /* Assets.xcassets */,
				B5EDF20C2BD518DB0094CB59 /* Preview Content */,
			);
			path = "STLess_Watch App";
			sourceTree = "<group>";
		};
		B5EDF20C2BD518DB0094CB59 /* Preview Content */ = {
			isa = PBXGroup;
			children = (
				B5EDF20D2BD518DB0094CB59 /* Preview Assets.xcassets */,
			);
			path = "Preview Content";
			sourceTree = "<group>";
		};
/* End PBXGroup section */

/* Begin PBXNativeTarget section */
		B5EDF1E02BD517610094CB59 /* STLess */ = {
			isa = PBXNativeTarget;
			buildConfigurationList = B5EDF1F02BD517620094CB59 /* Build configuration list for PBXNativeTarget "STLess" */;
			buildPhases = (
				B5EDF1DD2BD517610094CB59 /* Sources */,
				B5EDF1DE2BD517610094CB59 /* Frameworks */,
				B5EDF1DF2BD517610094CB59 /* Resources */,
				B5EDF2152BD518DB0094CB59 /* Embed Watch Content */,
			);
			buildRules = (
			);
			dependencies = (
				B5EDF2102BD518DB0094CB59 /* PBXTargetDependency */,
			);
			name = STLess;
			packageProductDependencies = (
				B5003DF72BF0BC8600D1C1A6 /* ComposableArchitecture */,
			);
			productName = STLess;
			productReference = B5EDF1E12BD517610094CB59 /* STLess.app */;
			productType = "com.apple.product-type.application";
		};
		B5EDF2032BD518DA0094CB59 /* STLess_Watch App */ = {
			isa = PBXNativeTarget;
			buildConfigurationList = B5EDF2122BD518DB0094CB59 /* Build configuration list for PBXNativeTarget "STLess_Watch App" */;
			buildPhases = (
				B5EDF2002BD518DA0094CB59 /* Sources */,
				B5EDF2012BD518DA0094CB59 /* Frameworks */,
				B5EDF2022BD518DA0094CB59 /* Resources */,
			);
			buildRules = (
			);
			dependencies = (
			);
			name = "STLess_Watch App";
			productName = "STLess_Watch Watch App";
			productReference = B5EDF2042BD518DA0094CB59 /* STLess_Watch App.app */;
			productType = "com.apple.product-type.application";
		};
/* End PBXNativeTarget section */

/* Begin PBXProject section */
		B5EDF1D92BD517610094CB59 /* Project object */ = {
			isa = PBXProject;
			attributes = {
				BuildIndependentTargetsInParallel = 1;
				LastSwiftUpdateCheck = 1530;
				LastUpgradeCheck = 1530;
				TargetAttributes = {
					B5EDF1E02BD517610094CB59 = {
						CreatedOnToolsVersion = 15.3;
					};
					B5EDF2032BD518DA0094CB59 = {
						CreatedOnToolsVersion = 15.3;
					};
				};
			};
			buildConfigurationList = B5EDF1DC2BD517610094CB59 /* Build configuration list for PBXProject "STLess" */;
			compatibilityVersion = "Xcode 14.0";
			developmentRegion = en;
			hasScannedForEncodings = 0;
			knownRegions = (
				en,
				Base,
			);
			mainGroup = B5EDF1D82BD517610094CB59;
			packageReferences = (
				B532C5232BF0B9EB00A38001 /* XCRemoteSwiftPackageReference "swift-composable-architecture" */,
			);
			productRefGroup = B5EDF1E22BD517610094CB59 /* Products */;
			projectDirPath = "";
			projectRoot = "";
			targets = (
				B5EDF1E02BD517610094CB59 /* STLess */,
				B5EDF2032BD518DA0094CB59 /* STLess_Watch App */,
			);
		};
/* End PBXProject section */

/* Begin PBXResourcesBuildPhase section */
		B5EDF1DF2BD517610094CB59 /* Resources */ = {
			isa = PBXResourcesBuildPhase;
			buildActionMask = 2147483647;
			files = (
				B5EDF1ED2BD517620094CB59 /* Preview Assets.xcassets in Resources */,
				B598EB9A2BF0FBC200E783DA /* Pretendard-Bold.otf in Resources */,
				B598EB9F2BF0FBD800E783DA /* Pretendard-Regular.otf in Resources */,
				B598EBA32BF0FBE900E783DA /* Pretendard-SemiBold.otf in Resources */,
				B5EDF1E92BD517620094CB59 /* Assets.xcassets in Resources */,
				B598EB9D2BF0FBCB00E783DA /* Pretendard-Medium.otf in Resources */,
			);
			runOnlyForDeploymentPostprocessing = 0;
		};
		B5EDF2022BD518DA0094CB59 /* Resources */ = {
			isa = PBXResourcesBuildPhase;
			buildActionMask = 2147483647;
			files = (
				B5EDF20E2BD518DB0094CB59 /* Preview Assets.xcassets in Resources */,
				B598EBA12BF0FBDB00E783DA /* Pretendard-Medium.otf in Resources */,
				B598EBA02BF0FBD800E783DA /* Pretendard-Regular.otf in Resources */,
				B598EBA42BF0FBE900E783DA /* Pretendard-SemiBold.otf in Resources */,
				B598EB9B2BF0FBC200E783DA /* Pretendard-Bold.otf in Resources */,
				B5EDF20B2BD518DB0094CB59 /* Assets.xcassets in Resources */,
			);
			runOnlyForDeploymentPostprocessing = 0;
		};
/* End PBXResourcesBuildPhase section */

/* Begin PBXSourcesBuildPhase section */
		B5EDF1DD2BD517610094CB59 /* Sources */ = {
			isa = PBXSourcesBuildPhase;
			buildActionMask = 2147483647;
			files = (
				B598EB942BF0F56B00E783DA /* MainView.swift in Sources */,
				B52107EB2C1422FA007C370A /* TopNavigationBar.swift in Sources */,
				B544335D2BF4C1D000CE532F /* BarChart.swift in Sources */,
				B546E4DF2C0AF14F00FA5AED /* MainDestination.swift in Sources */,
				B546E50F2C0B6BEC00FA5AED /* MainFeature+Navigation.swift in Sources */,
				B544335B2BF4900200CE532F /* DateType.swift in Sources */,
				B546E4EB2C0B0DFF00FA5AED /* SettingFeature.swift in Sources */,
				B598EBA72BF0FC6D00E783DA /* Font+.swift in Sources */,
				B546E4DD2C0AF0CA00FA5AED /* RootFeature.swift in Sources */,
				B52107F82C1440CB007C370A /* View+Keyboard.swift in Sources */,
				B546E4E42C0B059900FA5AED /* RootView.swift in Sources */,
				B544335F2BF4C1F100CE532F /* HrvData.swift in Sources */,
				B5003E012BF0BE2C00D1C1A6 /* Color+.swift in Sources */,
				B546E4E62C0B066400FA5AED /* SplashFeature.swift in Sources */,
				B52107FA2C1440F5007C370A /* UIApplication+.swift in Sources */,
				B5C0CA2F2C04DA400017BD1B /* OverlayToolTip.swift in Sources */,
				B54433612BF4C3D600CE532F /* UISegment.swift in Sources */,
				B5C0CB732C062ED00017BD1B /* DateFormat.swift in Sources */,
				B5003DFC2BF0BDF500D1C1A6 /* MainFeature.swift in Sources */,
				B5C0CA2D2C04CA4B0017BD1B /* HRVDescriptionView.swift in Sources */,
				B546E4E22C0AF25500FA5AED /* SplashView.swift in Sources */,
				B54433652BF4CDD700CE532F /* View+.swift in Sources */,
				B52107F62C14406F007C370A /* WithDesignSystem.swift in Sources */,
				B5BDCAB12BFA68D80097BA96 /* Utils.swift in Sources */,
				B54433632BF4C96700CE532F /* LineChart.swift in Sources */,
				B546E5112C0B728F00FA5AED /* SettingView.swift in Sources */,
				B5003E042BF0BE5B00D1C1A6 /* InfoBox.swift in Sources */,
				B5C0CB752C062FF70017BD1B /* Date+.swift in Sources */,
				B598EB962BF0FA2100E783DA /* DividerView.swift in Sources */,
				B546E4DA2C0AEBAB00FA5AED /* MainFeature+Destination.swift in Sources */,
				B5BDCAAF2BFA269D0097BA96 /* DailyHRVInfo.swift in Sources */,
				B5BDCAAD2BFA16FA0097BA96 /* Date+Format.swift in Sources */,
				B5C0CA1D2C03A0120017BD1B /* Double+.swift in Sources */,
				B5EDF1E52BD517610094CB59 /* STLessApp.swift in Sources */,
				B52107FC2C1442E6007C370A /* HRVDescriptionFeature.swift in Sources */,
				B5C0CA1F2C03A26A0017BD1B /* Image+.swift in Sources */,
				B5C0CA1B2C039D8F0017BD1B /* StressLevel.swift in Sources */,
				B53217DE2BF9BBBE006C316C /* HealthManager.swift in Sources */,
				B52107EE2C1435FA007C370A /* Array+.swift in Sources */,
			);
			runOnlyForDeploymentPostprocessing = 0;
		};
		B5EDF2002BD518DA0094CB59 /* Sources */ = {
			isa = PBXSourcesBuildPhase;
			buildActionMask = 2147483647;
			files = (
				B598EBA82BF0FC6D00E783DA /* Font+.swift in Sources */,
				B5EDF2092BD518DA0094CB59 /* ContentView.swift in Sources */,
				B5EDF2072BD518DA0094CB59 /* STLess_WatchApp.swift in Sources */,
			);
			runOnlyForDeploymentPostprocessing = 0;
		};
/* End PBXSourcesBuildPhase section */

/* Begin PBXTargetDependency section */
		B5EDF2102BD518DB0094CB59 /* PBXTargetDependency */ = {
			isa = PBXTargetDependency;
			target = B5EDF2032BD518DA0094CB59 /* STLess_Watch App */;
			targetProxy = B5EDF20F2BD518DB0094CB59 /* PBXContainerItemProxy */;
		};
/* End PBXTargetDependency section */

/* Begin XCBuildConfiguration section */
		B5EDF1EE2BD517620094CB59 /* Debug */ = {
			isa = XCBuildConfiguration;
			buildSettings = {
				ALWAYS_SEARCH_USER_PATHS = NO;
				ASSETCATALOG_COMPILER_GENERATE_SWIFT_ASSET_SYMBOL_EXTENSIONS = YES;
				CLANG_ANALYZER_NONNULL = YES;
				CLANG_ANALYZER_NUMBER_OBJECT_CONVERSION = YES_AGGRESSIVE;
				CLANG_CXX_LANGUAGE_STANDARD = "gnu++20";
				CLANG_ENABLE_MODULES = YES;
				CLANG_ENABLE_OBJC_ARC = YES;
				CLANG_ENABLE_OBJC_WEAK = YES;
				CLANG_WARN_BLOCK_CAPTURE_AUTORELEASING = YES;
				CLANG_WARN_BOOL_CONVERSION = YES;
				CLANG_WARN_COMMA = YES;
				CLANG_WARN_CONSTANT_CONVERSION = YES;
				CLANG_WARN_DEPRECATED_OBJC_IMPLEMENTATIONS = YES;
				CLANG_WARN_DIRECT_OBJC_ISA_USAGE = YES_ERROR;
				CLANG_WARN_DOCUMENTATION_COMMENTS = YES;
				CLANG_WARN_EMPTY_BODY = YES;
				CLANG_WARN_ENUM_CONVERSION = YES;
				CLANG_WARN_INFINITE_RECURSION = YES;
				CLANG_WARN_INT_CONVERSION = YES;
				CLANG_WARN_NON_LITERAL_NULL_CONVERSION = YES;
				CLANG_WARN_OBJC_IMPLICIT_RETAIN_SELF = YES;
				CLANG_WARN_OBJC_LITERAL_CONVERSION = YES;
				CLANG_WARN_OBJC_ROOT_CLASS = YES_ERROR;
				CLANG_WARN_QUOTED_INCLUDE_IN_FRAMEWORK_HEADER = YES;
				CLANG_WARN_RANGE_LOOP_ANALYSIS = YES;
				CLANG_WARN_STRICT_PROTOTYPES = YES;
				CLANG_WARN_SUSPICIOUS_MOVE = YES;
				CLANG_WARN_UNGUARDED_AVAILABILITY = YES_AGGRESSIVE;
				CLANG_WARN_UNREACHABLE_CODE = YES;
				CLANG_WARN__DUPLICATE_METHOD_MATCH = YES;
				COPY_PHASE_STRIP = NO;
				DEBUG_INFORMATION_FORMAT = dwarf;
				ENABLE_STRICT_OBJC_MSGSEND = YES;
				ENABLE_TESTABILITY = YES;
				ENABLE_USER_SCRIPT_SANDBOXING = YES;
				GCC_C_LANGUAGE_STANDARD = gnu17;
				GCC_DYNAMIC_NO_PIC = NO;
				GCC_NO_COMMON_BLOCKS = YES;
				GCC_OPTIMIZATION_LEVEL = 0;
				GCC_PREPROCESSOR_DEFINITIONS = (
					"DEBUG=1",
					"$(inherited)",
				);
				GCC_WARN_64_TO_32_BIT_CONVERSION = YES;
				GCC_WARN_ABOUT_RETURN_TYPE = YES_ERROR;
				GCC_WARN_UNDECLARED_SELECTOR = YES;
				GCC_WARN_UNINITIALIZED_AUTOS = YES_AGGRESSIVE;
				GCC_WARN_UNUSED_FUNCTION = YES;
				GCC_WARN_UNUSED_VARIABLE = YES;
				IPHONEOS_DEPLOYMENT_TARGET = 17.0;
				LOCALIZATION_PREFERS_STRING_CATALOGS = YES;
				MTL_ENABLE_DEBUG_INFO = INCLUDE_SOURCE;
				MTL_FAST_MATH = YES;
				ONLY_ACTIVE_ARCH = YES;
				SWIFT_ACTIVE_COMPILATION_CONDITIONS = "DEBUG $(inherited)";
				SWIFT_OPTIMIZATION_LEVEL = "-Onone";
				WATCHOS_DEPLOYMENT_TARGET = 10.0;
			};
			name = Debug;
		};
		B5EDF1EF2BD517620094CB59 /* Release */ = {
			isa = XCBuildConfiguration;
			buildSettings = {
				ALWAYS_SEARCH_USER_PATHS = NO;
				ASSETCATALOG_COMPILER_GENERATE_SWIFT_ASSET_SYMBOL_EXTENSIONS = YES;
				CLANG_ANALYZER_NONNULL = YES;
				CLANG_ANALYZER_NUMBER_OBJECT_CONVERSION = YES_AGGRESSIVE;
				CLANG_CXX_LANGUAGE_STANDARD = "gnu++20";
				CLANG_ENABLE_MODULES = YES;
				CLANG_ENABLE_OBJC_ARC = YES;
				CLANG_ENABLE_OBJC_WEAK = YES;
				CLANG_WARN_BLOCK_CAPTURE_AUTORELEASING = YES;
				CLANG_WARN_BOOL_CONVERSION = YES;
				CLANG_WARN_COMMA = YES;
				CLANG_WARN_CONSTANT_CONVERSION = YES;
				CLANG_WARN_DEPRECATED_OBJC_IMPLEMENTATIONS = YES;
				CLANG_WARN_DIRECT_OBJC_ISA_USAGE = YES_ERROR;
				CLANG_WARN_DOCUMENTATION_COMMENTS = YES;
				CLANG_WARN_EMPTY_BODY = YES;
				CLANG_WARN_ENUM_CONVERSION = YES;
				CLANG_WARN_INFINITE_RECURSION = YES;
				CLANG_WARN_INT_CONVERSION = YES;
				CLANG_WARN_NON_LITERAL_NULL_CONVERSION = YES;
				CLANG_WARN_OBJC_IMPLICIT_RETAIN_SELF = YES;
				CLANG_WARN_OBJC_LITERAL_CONVERSION = YES;
				CLANG_WARN_OBJC_ROOT_CLASS = YES_ERROR;
				CLANG_WARN_QUOTED_INCLUDE_IN_FRAMEWORK_HEADER = YES;
				CLANG_WARN_RANGE_LOOP_ANALYSIS = YES;
				CLANG_WARN_STRICT_PROTOTYPES = YES;
				CLANG_WARN_SUSPICIOUS_MOVE = YES;
				CLANG_WARN_UNGUARDED_AVAILABILITY = YES_AGGRESSIVE;
				CLANG_WARN_UNREACHABLE_CODE = YES;
				CLANG_WARN__DUPLICATE_METHOD_MATCH = YES;
				COPY_PHASE_STRIP = NO;
				DEBUG_INFORMATION_FORMAT = "dwarf-with-dsym";
				ENABLE_NS_ASSERTIONS = NO;
				ENABLE_STRICT_OBJC_MSGSEND = YES;
				ENABLE_USER_SCRIPT_SANDBOXING = YES;
				GCC_C_LANGUAGE_STANDARD = gnu17;
				GCC_NO_COMMON_BLOCKS = YES;
				GCC_WARN_64_TO_32_BIT_CONVERSION = YES;
				GCC_WARN_ABOUT_RETURN_TYPE = YES_ERROR;
				GCC_WARN_UNDECLARED_SELECTOR = YES;
				GCC_WARN_UNINITIALIZED_AUTOS = YES_AGGRESSIVE;
				GCC_WARN_UNUSED_FUNCTION = YES;
				GCC_WARN_UNUSED_VARIABLE = YES;
				IPHONEOS_DEPLOYMENT_TARGET = 17.0;
				LOCALIZATION_PREFERS_STRING_CATALOGS = YES;
				MTL_ENABLE_DEBUG_INFO = NO;
				MTL_FAST_MATH = YES;
				SWIFT_COMPILATION_MODE = wholemodule;
				WATCHOS_DEPLOYMENT_TARGET = 10.0;
			};
			name = Release;
		};
		B5EDF1F12BD517620094CB59 /* Debug */ = {
			isa = XCBuildConfiguration;
			buildSettings = {
				ALWAYS_EMBED_SWIFT_STANDARD_LIBRARIES = YES;
				ASSETCATALOG_COMPILER_APPICON_NAME = AppIcon;
				ASSETCATALOG_COMPILER_GLOBAL_ACCENT_COLOR_NAME = AccentColor;
				CODE_SIGN_ENTITLEMENTS = STLess/App/STLess.entitlements;
				CODE_SIGN_STYLE = Automatic;
				CURRENT_PROJECT_VERSION = 1;
				DEVELOPMENT_ASSET_PATHS = "\"STLess/Preview Content\"";
				DEVELOPMENT_TEAM = V2YNV9QV27;
				ENABLE_HARDENED_RUNTIME = YES;
				ENABLE_PREVIEWS = YES;
				GENERATE_INFOPLIST_FILE = YES;
				INFOPLIST_FILE = STLess/App/Info.plist;
				INFOPLIST_KEY_CFBundleDisplayName = "st:less";
				INFOPLIST_KEY_LSApplicationCategoryType = "public.app-category.lifestyle";
				INFOPLIST_KEY_NSHealthShareUsageDescription = "심박변이수를 받아오기 위해 건강정보를 공유합니다.";
				INFOPLIST_KEY_NSHealthUpdateUsageDescription = "스트레스지수를 계산하기 위해 건강정보를 업데이트합니다.";
				"INFOPLIST_KEY_UIApplicationSceneManifest_Generation[sdk=iphoneos*]" = YES;
				"INFOPLIST_KEY_UIApplicationSceneManifest_Generation[sdk=iphonesimulator*]" = YES;
				"INFOPLIST_KEY_UIApplicationSupportsIndirectInputEvents[sdk=iphoneos*]" = YES;
				"INFOPLIST_KEY_UIApplicationSupportsIndirectInputEvents[sdk=iphonesimulator*]" = YES;
				"INFOPLIST_KEY_UILaunchScreen_Generation[sdk=iphoneos*]" = YES;
				"INFOPLIST_KEY_UILaunchScreen_Generation[sdk=iphonesimulator*]" = YES;
				"INFOPLIST_KEY_UIStatusBarStyle[sdk=iphoneos*]" = UIStatusBarStyleDefault;
				"INFOPLIST_KEY_UIStatusBarStyle[sdk=iphonesimulator*]" = UIStatusBarStyleDefault;
				INFOPLIST_KEY_UISupportedInterfaceOrientations = UIInterfaceOrientationPortrait;
				INFOPLIST_KEY_UISupportedInterfaceOrientations_iPad = "UIInterfaceOrientationLandscapeLeft UIInterfaceOrientationLandscapeRight UIInterfaceOrientationPortrait UIInterfaceOrientationPortraitUpsideDown";
				IPHONEOS_DEPLOYMENT_TARGET = 17.0;
				LD_RUNPATH_SEARCH_PATHS = "@executable_path/Frameworks";
				"LD_RUNPATH_SEARCH_PATHS[sdk=macosx*]" = "@executable_path/../Frameworks";
				MACOSX_DEPLOYMENT_TARGET = 14.1;
				MARKETING_VERSION = 1.0.0;
				PRODUCT_BUNDLE_IDENTIFIER = iodsev.sw.STLess;
				PRODUCT_NAME = "$(TARGET_NAME)";
				SDKROOT = auto;
				SUPPORTED_PLATFORMS = "iphoneos iphonesimulator";
				SUPPORTS_MACCATALYST = NO;
				SWIFT_EMIT_LOC_STRINGS = YES;
				SWIFT_VERSION = 5.0;
				TARGETED_DEVICE_FAMILY = 1;
			};
			name = Debug;
		};
		B5EDF1F22BD517620094CB59 /* Release */ = {
			isa = XCBuildConfiguration;
			buildSettings = {
				ALWAYS_EMBED_SWIFT_STANDARD_LIBRARIES = YES;
				ASSETCATALOG_COMPILER_APPICON_NAME = AppIcon;
				ASSETCATALOG_COMPILER_GLOBAL_ACCENT_COLOR_NAME = AccentColor;
				CODE_SIGN_ENTITLEMENTS = STLess/App/STLess.entitlements;
				CODE_SIGN_STYLE = Automatic;
				CURRENT_PROJECT_VERSION = 1;
				DEVELOPMENT_ASSET_PATHS = "\"STLess/Preview Content\"";
				DEVELOPMENT_TEAM = V2YNV9QV27;
				ENABLE_HARDENED_RUNTIME = YES;
				ENABLE_PREVIEWS = YES;
				GENERATE_INFOPLIST_FILE = YES;
				INFOPLIST_FILE = STLess/App/Info.plist;
				INFOPLIST_KEY_CFBundleDisplayName = "st:less";
				INFOPLIST_KEY_LSApplicationCategoryType = "public.app-category.lifestyle";
				INFOPLIST_KEY_NSHealthShareUsageDescription = "심박변이수를 받아오기 위해 건강정보를 공유합니다.";
				INFOPLIST_KEY_NSHealthUpdateUsageDescription = "스트레스지수를 계산하기 위해 건강정보를 업데이트합니다.";
				"INFOPLIST_KEY_UIApplicationSceneManifest_Generation[sdk=iphoneos*]" = YES;
				"INFOPLIST_KEY_UIApplicationSceneManifest_Generation[sdk=iphonesimulator*]" = YES;
				"INFOPLIST_KEY_UIApplicationSupportsIndirectInputEvents[sdk=iphoneos*]" = YES;
				"INFOPLIST_KEY_UIApplicationSupportsIndirectInputEvents[sdk=iphonesimulator*]" = YES;
				"INFOPLIST_KEY_UILaunchScreen_Generation[sdk=iphoneos*]" = YES;
				"INFOPLIST_KEY_UILaunchScreen_Generation[sdk=iphonesimulator*]" = YES;
				"INFOPLIST_KEY_UIStatusBarStyle[sdk=iphoneos*]" = UIStatusBarStyleDefault;
				"INFOPLIST_KEY_UIStatusBarStyle[sdk=iphonesimulator*]" = UIStatusBarStyleDefault;
				INFOPLIST_KEY_UISupportedInterfaceOrientations = UIInterfaceOrientationPortrait;
				INFOPLIST_KEY_UISupportedInterfaceOrientations_iPad = "UIInterfaceOrientationLandscapeLeft UIInterfaceOrientationLandscapeRight UIInterfaceOrientationPortrait UIInterfaceOrientationPortraitUpsideDown";
				IPHONEOS_DEPLOYMENT_TARGET = 17.0;
				LD_RUNPATH_SEARCH_PATHS = "@executable_path/Frameworks";
				"LD_RUNPATH_SEARCH_PATHS[sdk=macosx*]" = "@executable_path/../Frameworks";
				MACOSX_DEPLOYMENT_TARGET = 14.1;
				MARKETING_VERSION = 1.0.0;
				PRODUCT_BUNDLE_IDENTIFIER = iodsev.sw.STLess;
				PRODUCT_NAME = "$(TARGET_NAME)";
				SDKROOT = auto;
				SUPPORTED_PLATFORMS = "iphoneos iphonesimulator";
				SUPPORTS_MACCATALYST = NO;
				SWIFT_EMIT_LOC_STRINGS = YES;
				SWIFT_VERSION = 5.0;
				TARGETED_DEVICE_FAMILY = 1;
			};
			name = Release;
		};
		B5EDF2132BD518DB0094CB59 /* Debug */ = {
			isa = XCBuildConfiguration;
			buildSettings = {
				ASSETCATALOG_COMPILER_APPICON_NAME = AppIcon;
				ASSETCATALOG_COMPILER_GLOBAL_ACCENT_COLOR_NAME = AccentColor;
				CODE_SIGN_ENTITLEMENTS = "STLess_Watch App/STLess_Watch App.entitlements";
				CODE_SIGN_STYLE = Automatic;
				CURRENT_PROJECT_VERSION = 1;
				DEVELOPMENT_ASSET_PATHS = "\"STLess_Watch App/Preview Content\"";
				DEVELOPMENT_TEAM = V2YNV9QV27;
				ENABLE_PREVIEWS = YES;
				GENERATE_INFOPLIST_FILE = YES;
				INFOPLIST_KEY_CFBundleDisplayName = STLess_Watch;
				INFOPLIST_KEY_UISupportedInterfaceOrientations = "UIInterfaceOrientationPortrait UIInterfaceOrientationPortraitUpsideDown";
				INFOPLIST_KEY_WKCompanionAppBundleIdentifier = iodsev.sw.STLess;
				LD_RUNPATH_SEARCH_PATHS = (
					"$(inherited)",
					"@executable_path/Frameworks",
				);
				MARKETING_VERSION = 1.0.0;
				PRODUCT_BUNDLE_IDENTIFIER = iodsev.sw.STLess.watchkitapp;
				PRODUCT_NAME = "$(TARGET_NAME)";
				SDKROOT = watchos;
				SKIP_INSTALL = YES;
				SWIFT_EMIT_LOC_STRINGS = YES;
				SWIFT_VERSION = 5.0;
				TARGETED_DEVICE_FAMILY = 4;
				WATCHOS_DEPLOYMENT_TARGET = 10.0;
			};
			name = Debug;
		};
		B5EDF2142BD518DB0094CB59 /* Release */ = {
			isa = XCBuildConfiguration;
			buildSettings = {
				ASSETCATALOG_COMPILER_APPICON_NAME = AppIcon;
				ASSETCATALOG_COMPILER_GLOBAL_ACCENT_COLOR_NAME = AccentColor;
				CODE_SIGN_ENTITLEMENTS = "STLess_Watch App/STLess_Watch App.entitlements";
				CODE_SIGN_STYLE = Automatic;
				CURRENT_PROJECT_VERSION = 1;
				DEVELOPMENT_ASSET_PATHS = "\"STLess_Watch App/Preview Content\"";
				DEVELOPMENT_TEAM = V2YNV9QV27;
				ENABLE_PREVIEWS = YES;
				GENERATE_INFOPLIST_FILE = YES;
				INFOPLIST_KEY_CFBundleDisplayName = STLess_Watch;
				INFOPLIST_KEY_UISupportedInterfaceOrientations = "UIInterfaceOrientationPortrait UIInterfaceOrientationPortraitUpsideDown";
				INFOPLIST_KEY_WKCompanionAppBundleIdentifier = iodsev.sw.STLess;
				LD_RUNPATH_SEARCH_PATHS = (
					"$(inherited)",
					"@executable_path/Frameworks",
				);
				MARKETING_VERSION = 1.0.0;
				PRODUCT_BUNDLE_IDENTIFIER = iodsev.sw.STLess.watchkitapp;
				PRODUCT_NAME = "$(TARGET_NAME)";
				SDKROOT = watchos;
				SKIP_INSTALL = YES;
				SWIFT_EMIT_LOC_STRINGS = YES;
				SWIFT_VERSION = 5.0;
				TARGETED_DEVICE_FAMILY = 4;
				VALIDATE_PRODUCT = YES;
				WATCHOS_DEPLOYMENT_TARGET = 10.0;
			};
			name = Release;
		};
/* End XCBuildConfiguration section */

/* Begin XCConfigurationList section */
		B5EDF1DC2BD517610094CB59 /* Build configuration list for PBXProject "STLess" */ = {
			isa = XCConfigurationList;
			buildConfigurations = (
				B5EDF1EE2BD517620094CB59 /* Debug */,
				B5EDF1EF2BD517620094CB59 /* Release */,
			);
			defaultConfigurationIsVisible = 0;
			defaultConfigurationName = Release;
		};
		B5EDF1F02BD517620094CB59 /* Build configuration list for PBXNativeTarget "STLess" */ = {
			isa = XCConfigurationList;
			buildConfigurations = (
				B5EDF1F12BD517620094CB59 /* Debug */,
				B5EDF1F22BD517620094CB59 /* Release */,
			);
			defaultConfigurationIsVisible = 0;
			defaultConfigurationName = Release;
		};
		B5EDF2122BD518DB0094CB59 /* Build configuration list for PBXNativeTarget "STLess_Watch App" */ = {
			isa = XCConfigurationList;
			buildConfigurations = (
				B5EDF2132BD518DB0094CB59 /* Debug */,
				B5EDF2142BD518DB0094CB59 /* Release */,
			);
			defaultConfigurationIsVisible = 0;
			defaultConfigurationName = Release;
		};
/* End XCConfigurationList section */

/* Begin XCRemoteSwiftPackageReference section */
		B532C5232BF0B9EB00A38001 /* XCRemoteSwiftPackageReference "swift-composable-architecture" */ = {
			isa = XCRemoteSwiftPackageReference;
			repositoryURL = "https://github.com/pointfreeco/swift-composable-architecture";
			requirement = {
				kind = exactVersion;
				version = 1.10.4;
			};
		};
/* End XCRemoteSwiftPackageReference section */

/* Begin XCSwiftPackageProductDependency section */
		B5003DF72BF0BC8600D1C1A6 /* ComposableArchitecture */ = {
			isa = XCSwiftPackageProductDependency;
			package = B532C5232BF0B9EB00A38001 /* XCRemoteSwiftPackageReference "swift-composable-architecture" */;
			productName = ComposableArchitecture;
		};
/* End XCSwiftPackageProductDependency section */
	};
	rootObject = B5EDF1D92BD517610094CB59 /* Project object */;
}
